
Microsoft Visual Studio Solution File, Format Version 12.00
# Visual Studio Version 17
VisualStudioVersion = 17.5.002.0
MinimumVisualStudioVersion = 10.0.40219.1
Project("{9A19103F-16F7-4668-BE54-9A1E7A4F7556}") = "Slicer", "Slicer.csproj", "{055209D7-E158-484E-95AB-F91E41B813C3}"
EndProject
Global
	GlobalSection(SolutionConfigurationPlatforms) = preSolution
		Debug|Any CPU = Debug|Any CPU
		Release|Any CPU = Release|Any CPU
	EndGlobalSection
	GlobalSection(ProjectConfigurationPlatforms) = postSolution
		{055209D7-E158-484E-95AB-F91E41B813C3}.Debug|Any CPU.ActiveCfg = Debug|Any CPU
		{055209D7-E158-484E-95AB-F91E41B813C3}.Debug|Any CPU.Build.0 = Debug|Any CPU
		{055209D7-E158-484E-95AB-F91E41B813C3}.Release|Any CPU.ActiveCfg = Release|Any CPU
		{055209D7-E158-484E-95AB-F91E41B813C3}.Release|Any CPU.Build.0 = Release|Any CPU
	EndGlobalSection
	GlobalSection(SolutionProperties) = preSolution
		HideSolutionNode = FALSE
	EndGlobalSection
	GlobalSection(ExtensibilityGlobals) = postSolution
		SolutionGuid = {E3A249A0-61C4-496C-88C2-C4FB23FCF917}
	EndGlobalSection
EndGlobal
